
Microsoft Visual Studio Solution File, Format Version 12.00
# Visual Studio Version 16
VisualStudioVersion = 16.0.32929.386
MinimumVisualStudioVersion = 10.0.40219.1
Project("{FAE04EC0-301F-11D3-BF4B-00C04F79EFBC}") = "MyEvernote.Web", "MyEvernote.Web\MyEvernote.Web.csproj", "{95058C67-1D23-4AC0-AAA7-743B9EA49C11}"
EndProject
Project("{FAE04EC0-301F-11D3-BF4B-00C04F79EFBC}") = "MyEvernote.BusinessLayer", "MyEvernote.BusinessLayer\MyEvernote.BusinessLayer.csproj", "{E2741D8D-EDC0-4CC8-BD7F-8BDC90F8A04A}"
EndProject
Project("{FAE04EC0-301F-11D3-BF4B-00C04F79EFBC}") = "MyEvernote.DataAccessLayer", "MyEvernote.DataAccessLayer\MyEvernote.DataAccessLayer.csproj", "{1B58B69B-AD75-4785-9966-D7EBBA845F64}"
EndProject
Project("{FAE04EC0-301F-11D3-BF4B-00C04F79EFBC}") = "MyEvernote.Entities", "MyEvernote.Entities\MyEvernote.Entities.csproj", "{56A08BD4-B4C4-48BF-9C7B-20DE4B2AF669}"
EndProject
Global
	GlobalSection(SolutionConfigurationPlatforms) = preSolution
		Debug|Any CPU = Debug|Any CPU
		Release|Any CPU = Release|Any CPU
	EndGlobalSection
	GlobalSection(ProjectConfigurationPlatforms) = postSolution
		{95058C67-1D23-4AC0-AAA7-743B9EA49C11}.Debug|Any CPU.ActiveCfg = Debug|Any CPU
		{95058C67-1D23-4AC0-AAA7-743B9EA49C11}.Debug|Any CPU.Build.0 = Debug|Any CPU
		{95058C67-1D23-4AC0-AAA7-743B9EA49C11}.Release|Any CPU.ActiveCfg = Release|Any CPU
		{95058C67-1D23-4AC0-AAA7-743B9EA49C11}.Release|Any CPU.Build.0 = Release|Any CPU
		{E2741D8D-EDC0-4CC8-BD7F-8BDC90F8A04A}.Debug|Any CPU.ActiveCfg = Debug|Any CPU
		{E2741D8D-EDC0-4CC8-BD7F-8BDC90F8A04A}.Debug|Any CPU.Build.0 = Debug|Any CPU
		{E2741D8D-EDC0-4CC8-BD7F-8BDC90F8A04A}.Release|Any CPU.ActiveCfg = Release|Any CPU
		{E2741D8D-EDC0-4CC8-BD7F-8BDC90F8A04A}.Release|Any CPU.Build.0 = Release|Any CPU
		{1B58B69B-AD75-4785-9966-D7EBBA845F64}.Debug|Any CPU.ActiveCfg = Debug|Any CPU
		{1B58B69B-AD75-4785-9966-D7EBBA845F64}.Debug|Any CPU.Build.0 = Debug|Any CPU
		{1B58B69B-AD75-4785-9966-D7EBBA845F64}.Release|Any CPU.ActiveCfg = Release|Any CPU
		{1B58B69B-AD75-4785-9966-D7EBBA845F64}.Release|Any CPU.Build.0 = Release|Any CPU
		{56A08BD4-B4C4-48BF-9C7B-20DE4B2AF669}.Debug|Any CPU.ActiveCfg = Debug|Any CPU
		{56A08BD4-B4C4-48BF-9C7B-20DE4B2AF669}.Debug|Any CPU.Build.0 = Debug|Any CPU
		{56A08BD4-B4C4-48BF-9C7B-20DE4B2AF669}.Release|Any CPU.ActiveCfg = Release|Any CPU
		{56A08BD4-B4C4-48BF-9C7B-20DE4B2AF669}.Release|Any CPU.Build.0 = Release|Any CPU
	EndGlobalSection
	GlobalSection(SolutionProperties) = preSolution
		HideSolutionNode = FALSE
	EndGlobalSection
	GlobalSection(ExtensibilityGlobals) = postSolution
		SolutionGuid = {BC333738-790C-4F23-8D78-6C5C4C710C0F}
	EndGlobalSection
EndGlobal
